// !$*UTF8*$!
{
	archiveVersion = 1;
	classes = {
	};
	objectVersion = 55;
	objects = {

/* Begin PBXBuildFile section */
		637F8770B8C47860614964EE /* Pods_unit_1_flix.framework in Frameworks */ = {isa = PBXBuildFile; fileRef = 3156EDD446F7DDEF139C47C8 /* Pods_unit_1_flix.framework */; };
		8E92CB4B2DDCB20EC4AF4CBE /* Pods_unit_1_flixTests.framework in Frameworks */ = {isa = PBXBuildFile; fileRef = AA05FC30885454D87067F7CA /* Pods_unit_1_flixTests.framework */; };
		E73129B31E3469CB3E48DADE /* Pods_unit_1_flix_unit_1_flixUITests.framework in Frameworks */ = {isa = PBXBuildFile; fileRef = 910B00CF09C35603729DE606 /* Pods_unit_1_flix_unit_1_flixUITests.framework */; };
		F956A72728C7DBBA0072312D /* AppDelegate.swift in Sources */ = {isa = PBXBuildFile; fileRef = F956A72628C7DBBA0072312D /* AppDelegate.swift */; };
		F956A72928C7DBBA0072312D /* SceneDelegate.swift in Sources */ = {isa = PBXBuildFile; fileRef = F956A72828C7DBBA0072312D /* SceneDelegate.swift */; };
		F956A72B28C7DBBA0072312D /* ViewController.swift in Sources */ = {isa = PBXBuildFile; fileRef = F956A72A28C7DBBA0072312D /* ViewController.swift */; };
		F956A72E28C7DBBA0072312D /* Main.storyboard in Resources */ = {isa = PBXBuildFile; fileRef = F956A72C28C7DBBA0072312D /* Main.storyboard */; };
		F956A73028C7DBBD0072312D /* Assets.xcassets in Resources */ = {isa = PBXBuildFile; fileRef = F956A72F28C7DBBD0072312D /* Assets.xcassets */; };
		F956A73328C7DBBD0072312D /* LaunchScreen.storyboard in Resources */ = {isa = PBXBuildFile; fileRef = F956A73128C7DBBD0072312D /* LaunchScreen.storyboard */; };
		F956A73E28C7DBBD0072312D /* unit_1_flixTests.swift in Sources */ = {isa = PBXBuildFile; fileRef = F956A73D28C7DBBD0072312D /* unit_1_flixTests.swift */; };
		F956A74828C7DBBD0072312D /* unit_1_flixUITests.swift in Sources */ = {isa = PBXBuildFile; fileRef = F956A74728C7DBBD0072312D /* unit_1_flixUITests.swift */; };
		F956A74A28C7DBBD0072312D /* unit_1_flixUITestsLaunchTests.swift in Sources */ = {isa = PBXBuildFile; fileRef = F956A74928C7DBBD0072312D /* unit_1_flixUITestsLaunchTests.swift */; };
		F97D608E28D257F100A4FC03 /* MovieDetailsViewController.swift in Sources */ = {isa = PBXBuildFile; fileRef = F97D608D28D257F100A4FC03 /* MovieDetailsViewController.swift */; };
		F97D609428D2CDC000A4FC03 /* MovieGridCell.swift in Sources */ = {isa = PBXBuildFile; fileRef = F97D609328D2CDC000A4FC03 /* MovieGridCell.swift */; };
		F97D609628D2CE5E00A4FC03 /* MovieGridViewController.swift in Sources */ = {isa = PBXBuildFile; fileRef = F97D609528D2CE5E00A4FC03 /* MovieGridViewController.swift */; };
		F9EC7F0B28C91CD200C078B3 /* MovieCell.swift in Sources */ = {isa = PBXBuildFile; fileRef = F9EC7F0A28C91CD200C078B3 /* MovieCell.swift */; };
		F9EC7F0E28C9298E00C078B3 /* AlamofireImage in Frameworks */ = {isa = PBXBuildFile; productRef = F9EC7F0D28C9298E00C078B3 /* AlamofireImage */; };
/* End PBXBuildFile section */

/* Begin PBXContainerItemProxy section */
		F956A73A28C7DBBD0072312D /* PBXContainerItemProxy */ = {
			isa = PBXContainerItemProxy;
			containerPortal = F956A71B28C7DBBA0072312D /* Project object */;
			proxyType = 1;
			remoteGlobalIDString = F956A72228C7DBBA0072312D;
			remoteInfo = "unit 1 flix";
		};
		F956A74428C7DBBD0072312D /* PBXContainerItemProxy */ = {
			isa = PBXContainerItemProxy;
			containerPortal = F956A71B28C7DBBA0072312D /* Project object */;
			proxyType = 1;
			remoteGlobalIDString = F956A72228C7DBBA0072312D;
			remoteInfo = "unit 1 flix";
		};
/* End PBXContainerItemProxy section */

/* Begin PBXFileReference section */
		0C8E95206E5F250620035584 /* Pods-unit 1 flixTests.release.xcconfig */ = {isa = PBXFileReference; includeInIndex = 1; lastKnownFileType = text.xcconfig; name = "Pods-unit 1 flixTests.release.xcconfig"; path = "Target Support Files/Pods-unit 1 flixTests/Pods-unit 1 flixTests.release.xcconfig"; sourceTree = "<group>"; };
		1B8F806EDBB7ED44155B458C /* Pods-unit 1 flix.debug.xcconfig */ = {isa = PBXFileReference; includeInIndex = 1; lastKnownFileType = text.xcconfig; name = "Pods-unit 1 flix.debug.xcconfig"; path = "Target Support Files/Pods-unit 1 flix/Pods-unit 1 flix.debug.xcconfig"; sourceTree = "<group>"; };
		3156EDD446F7DDEF139C47C8 /* Pods_unit_1_flix.framework */ = {isa = PBXFileReference; explicitFileType = wrapper.framework; includeInIndex = 0; path = Pods_unit_1_flix.framework; sourceTree = BUILT_PRODUCTS_DIR; };
		3B0528D97E17FBA693563EC0 /* Pods-unit 1 flix-unit 1 flixUITests.release.xcconfig */ = {isa = PBXFileReference; includeInIndex = 1; lastKnownFileType = text.xcconfig; name = "Pods-unit 1 flix-unit 1 flixUITests.release.xcconfig"; path = "Target Support Files/Pods-unit 1 flix-unit 1 flixUITests/Pods-unit 1 flix-unit 1 flixUITests.release.xcconfig"; sourceTree = "<group>"; };
		502BFF0635A2A1BB54649F25 /* Pods-unit 1 flixTests.debug.xcconfig */ = {isa = PBXFileReference; includeInIndex = 1; lastKnownFileType = text.xcconfig; name = "Pods-unit 1 flixTests.debug.xcconfig"; path = "Target Support Files/Pods-unit 1 flixTests/Pods-unit 1 flixTests.debug.xcconfig"; sourceTree = "<group>"; };
		910B00CF09C35603729DE606 /* Pods_unit_1_flix_unit_1_flixUITests.framework */ = {isa = PBXFileReference; explicitFileType = wrapper.framework; includeInIndex = 0; path = Pods_unit_1_flix_unit_1_flixUITests.framework; sourceTree = BUILT_PRODUCTS_DIR; };
		AA05FC30885454D87067F7CA /* Pods_unit_1_flixTests.framework */ = {isa = PBXFileReference; explicitFileType = wrapper.framework; includeInIndex = 0; path = Pods_unit_1_flixTests.framework; sourceTree = BUILT_PRODUCTS_DIR; };
		AC227D602FF1E08998171A6E /* Pods-unit 1 flix.release.xcconfig */ = {isa = PBXFileReference; includeInIndex = 1; lastKnownFileType = text.xcconfig; name = "Pods-unit 1 flix.release.xcconfig"; path = "Target Support Files/Pods-unit 1 flix/Pods-unit 1 flix.release.xcconfig"; sourceTree = "<group>"; };
		C167D4AEDB41E4B09197F8E9 /* Pods-unit 1 flix-unit 1 flixUITests.debug.xcconfig */ = {isa = PBXFileReference; includeInIndex = 1; lastKnownFileType = text.xcconfig; name = "Pods-unit 1 flix-unit 1 flixUITests.debug.xcconfig"; path = "Target Support Files/Pods-unit 1 flix-unit 1 flixUITests/Pods-unit 1 flix-unit 1 flixUITests.debug.xcconfig"; sourceTree = "<group>"; };
		F956A72328C7DBBA0072312D /* unit 1 flix.app */ = {isa = PBXFileReference; explicitFileType = wrapper.application; includeInIndex = 0; path = "unit 1 flix.app"; sourceTree = BUILT_PRODUCTS_DIR; };
		F956A72628C7DBBA0072312D /* AppDelegate.swift */ = {isa = PBXFileReference; lastKnownFileType = sourcecode.swift; path = AppDelegate.swift; sourceTree = "<group>"; };
		F956A72828C7DBBA0072312D /* SceneDelegate.swift */ = {isa = PBXFileReference; lastKnownFileType = sourcecode.swift; path = SceneDelegate.swift; sourceTree = "<group>"; };
		F956A72A28C7DBBA0072312D /* ViewController.swift */ = {isa = PBXFileReference; lastKnownFileType = sourcecode.swift; path = ViewController.swift; sourceTree = "<group>"; };
		F956A72D28C7DBBA0072312D /* Base */ = {isa = PBXFileReference; lastKnownFileType = file.storyboard; name = Base; path = Base.lproj/Main.storyboard; sourceTree = "<group>"; };
		F956A72F28C7DBBD0072312D /* Assets.xcassets */ = {isa = PBXFileReference; lastKnownFileType = folder.assetcatalog; path = Assets.xcassets; sourceTree = "<group>"; };
		F956A73228C7DBBD0072312D /* Base */ = {isa = PBXFileReference; lastKnownFileType = file.storyboard; name = Base; path = Base.lproj/LaunchScreen.storyboard; sourceTree = "<group>"; };
		F956A73428C7DBBD0072312D /* Info.plist */ = {isa = PBXFileReference; lastKnownFileType = text.plist.xml; path = Info.plist; sourceTree = "<group>"; };
		F956A73928C7DBBD0072312D /* unit 1 flixTests.xctest */ = {isa = PBXFileReference; explicitFileType = wrapper.cfbundle; includeInIndex = 0; path = "unit 1 flixTests.xctest"; sourceTree = BUILT_PRODUCTS_DIR; };
		F956A73D28C7DBBD0072312D /* unit_1_flixTests.swift */ = {isa = PBXFileReference; lastKnownFileType = sourcecode.swift; path = unit_1_flixTests.swift; sourceTree = "<group>"; };
		F956A74328C7DBBD0072312D /* unit 1 flixUITests.xctest */ = {isa = PBXFileReference; explicitFileType = wrapper.cfbundle; includeInIndex = 0; path = "unit 1 flixUITests.xctest"; sourceTree = BUILT_PRODUCTS_DIR; };
		F956A74728C7DBBD0072312D /* unit_1_flixUITests.swift */ = {isa = PBXFileReference; lastKnownFileType = sourcecode.swift; path = unit_1_flixUITests.swift; sourceTree = "<group>"; };
		F956A74928C7DBBD0072312D /* unit_1_flixUITestsLaunchTests.swift */ = {isa = PBXFileReference; lastKnownFileType = sourcecode.swift; path = unit_1_flixUITestsLaunchTests.swift; sourceTree = "<group>"; };
		F97D608D28D257F100A4FC03 /* MovieDetailsViewController.swift */ = {isa = PBXFileReference; lastKnownFileType = sourcecode.swift; path = MovieDetailsViewController.swift; sourceTree = "<group>"; };
		F97D609328D2CDC000A4FC03 /* MovieGridCell.swift */ = {isa = PBXFileReference; lastKnownFileType = sourcecode.swift; path = MovieGridCell.swift; sourceTree = "<group>"; };
		F97D609528D2CE5E00A4FC03 /* MovieGridViewController.swift */ = {isa = PBXFileReference; lastKnownFileType = sourcecode.swift; path = MovieGridViewController.swift; sourceTree = "<group>"; };
		F9EC7F0A28C91CD200C078B3 /* MovieCell.swift */ = {isa = PBXFileReference; lastKnownFileType = sourcecode.swift; path = MovieCell.swift; sourceTree = "<group>"; };
/* End PBXFileReference section */

/* Begin PBXFrameworksBuildPhase section */
		F956A72028C7DBBA0072312D /* Frameworks */ = {
			isa = PBXFrameworksBuildPhase;
			buildActionMask = 2147483647;
			files = (
				F9EC7F0E28C9298E00C078B3 /* AlamofireImage in Frameworks */,
				637F8770B8C47860614964EE /* Pods_unit_1_flix.framework in Frameworks */,
			);
			runOnlyForDeploymentPostprocessing = 0;
		};
		F956A73628C7DBBD0072312D /* Frameworks */ = {
			isa = PBXFrameworksBuildPhase;
			buildActionMask = 2147483647;
			files = (
				8E92CB4B2DDCB20EC4AF4CBE /* Pods_unit_1_flixTests.framework in Frameworks */,
			);
			runOnlyForDeploymentPostprocessing = 0;
		};
		F956A74028C7DBBD0072312D /* Frameworks */ = {
			isa = PBXFrameworksBuildPhase;
			buildActionMask = 2147483647;
			files = (
				E73129B31E3469CB3E48DADE /* Pods_unit_1_flix_unit_1_flixUITests.framework in Frameworks */,
			);
			runOnlyForDeploymentPostprocessing = 0;
		};
/* End PBXFrameworksBuildPhase section */

/* Begin PBXGroup section */
		2A4E35C24063B9048CA2154B /* Frameworks */ = {
			isa = PBXGroup;
			children = (
				3156EDD446F7DDEF139C47C8 /* Pods_unit_1_flix.framework */,
				910B00CF09C35603729DE606 /* Pods_unit_1_flix_unit_1_flixUITests.framework */,
				AA05FC30885454D87067F7CA /* Pods_unit_1_flixTests.framework */,
			);
			name = Frameworks;
			sourceTree = "<group>";
		};
		732B865EF8E414CA278C603B /* Pods */ = {
			isa = PBXGroup;
			children = (
				1B8F806EDBB7ED44155B458C /* Pods-unit 1 flix.debug.xcconfig */,
				AC227D602FF1E08998171A6E /* Pods-unit 1 flix.release.xcconfig */,
				C167D4AEDB41E4B09197F8E9 /* Pods-unit 1 flix-unit 1 flixUITests.debug.xcconfig */,
				3B0528D97E17FBA693563EC0 /* Pods-unit 1 flix-unit 1 flixUITests.release.xcconfig */,
				502BFF0635A2A1BB54649F25 /* Pods-unit 1 flixTests.debug.xcconfig */,
				0C8E95206E5F250620035584 /* Pods-unit 1 flixTests.release.xcconfig */,
			);
			path = Pods;
			sourceTree = "<group>";
		};
		F956A71A28C7DBBA0072312D = {
			isa = PBXGroup;
			children = (
				F9EC7F0A28C91CD200C078B3 /* MovieCell.swift */,
				F956A72528C7DBBA0072312D /* unit 1 flix */,
				F956A73C28C7DBBD0072312D /* unit 1 flixTests */,
				F956A74628C7DBBD0072312D /* unit 1 flixUITests */,
				F956A72428C7DBBA0072312D /* Products */,
				732B865EF8E414CA278C603B /* Pods */,
				2A4E35C24063B9048CA2154B /* Frameworks */,
			);
			sourceTree = "<group>";
		};
		F956A72428C7DBBA0072312D /* Products */ = {
			isa = PBXGroup;
			children = (
				F956A72328C7DBBA0072312D /* unit 1 flix.app */,
				F956A73928C7DBBD0072312D /* unit 1 flixTests.xctest */,
				F956A74328C7DBBD0072312D /* unit 1 flixUITests.xctest */,
			);
			name = Products;
			sourceTree = "<group>";
		};
		F956A72528C7DBBA0072312D /* unit 1 flix */ = {
			isa = PBXGroup;
			children = (
				F956A72628C7DBBA0072312D /* AppDelegate.swift */,
				F956A72828C7DBBA0072312D /* SceneDelegate.swift */,
				F956A72A28C7DBBA0072312D /* ViewController.swift */,
				F956A72C28C7DBBA0072312D /* Main.storyboard */,
				F97D609528D2CE5E00A4FC03 /* MovieGridViewController.swift */,
				F97D609328D2CDC000A4FC03 /* MovieGridCell.swift */,
				F956A72F28C7DBBD0072312D /* Assets.xcassets */,
				F97D608D28D257F100A4FC03 /* MovieDetailsViewController.swift */,
				F956A73128C7DBBD0072312D /* LaunchScreen.storyboard */,
				F956A73428C7DBBD0072312D /* Info.plist */,
			);
			path = "unit 1 flix";
			sourceTree = "<group>";
		};
		F956A73C28C7DBBD0072312D /* unit 1 flixTests */ = {
			isa = PBXGroup;
			children = (
				F956A73D28C7DBBD0072312D /* unit_1_flixTests.swift */,
			);
			path = "unit 1 flixTests";
			sourceTree = "<group>";
		};
		F956A74628C7DBBD0072312D /* unit 1 flixUITests */ = {
			isa = PBXGroup;
			children = (
				F956A74728C7DBBD0072312D /* unit_1_flixUITests.swift */,
				F956A74928C7DBBD0072312D /* unit_1_flixUITestsLaunchTests.swift */,
			);
			path = "unit 1 flixUITests";
			sourceTree = "<group>";
		};
/* End PBXGroup section */

/* Begin PBXNativeTarget section */
		F956A72228C7DBBA0072312D /* unit 1 flix */ = {
			isa = PBXNativeTarget;
			buildConfigurationList = F956A74D28C7DBBD0072312D /* Build configuration list for PBXNativeTarget "unit 1 flix" */;
			buildPhases = (
				320EC810E21D7930EB1D6C65 /* [CP] Check Pods Manifest.lock */,
				F956A71F28C7DBBA0072312D /* Sources */,
				F956A72028C7DBBA0072312D /* Frameworks */,
				F956A72128C7DBBA0072312D /* Resources */,
				AD6C0FAFED81E4A21E010CD1 /* [CP] Embed Pods Frameworks */,
			);
			buildRules = (
			);
			dependencies = (
			);
			name = "unit 1 flix";
			packageProductDependencies = (
				F9EC7F0D28C9298E00C078B3 /* AlamofireImage */,
			);
			productName = "unit 1 flix";
			productReference = F956A72328C7DBBA0072312D /* unit 1 flix.app */;
			productType = "com.apple.product-type.application";
		};
		F956A73828C7DBBD0072312D /* unit 1 flixTests */ = {
			isa = PBXNativeTarget;
			buildConfigurationList = F956A75028C7DBBD0072312D /* Build configuration list for PBXNativeTarget "unit 1 flixTests" */;
			buildPhases = (
				762B7CBF7382C02119B340B1 /* [CP] Check Pods Manifest.lock */,
				F956A73528C7DBBD0072312D /* Sources */,
				F956A73628C7DBBD0072312D /* Frameworks */,
				F956A73728C7DBBD0072312D /* Resources */,
			);
			buildRules = (
			);
			dependencies = (
				F956A73B28C7DBBD0072312D /* PBXTargetDependency */,
			);
			name = "unit 1 flixTests";
			productName = "unit 1 flixTests";
			productReference = F956A73928C7DBBD0072312D /* unit 1 flixTests.xctest */;
			productType = "com.apple.product-type.bundle.unit-test";
		};
		F956A74228C7DBBD0072312D /* unit 1 flixUITests */ = {
			isa = PBXNativeTarget;
			buildConfigurationList = F956A75328C7DBBD0072312D /* Build configuration list for PBXNativeTarget "unit 1 flixUITests" */;
			buildPhases = (
				9E62CA15D763C7412F998CEC /* [CP] Check Pods Manifest.lock */,
				F956A73F28C7DBBD0072312D /* Sources */,
				F956A74028C7DBBD0072312D /* Frameworks */,
				F956A74128C7DBBD0072312D /* Resources */,
				E555C3087508E5CBDF0FEE4B /* [CP] Embed Pods Frameworks */,
			);
			buildRules = (
			);
			dependencies = (
				F956A74528C7DBBD0072312D /* PBXTargetDependency */,
			);
			name = "unit 1 flixUITests";
			productName = "unit 1 flixUITests";
			productReference = F956A74328C7DBBD0072312D /* unit 1 flixUITests.xctest */;
			productType = "com.apple.product-type.bundle.ui-testing";
		};
/* End PBXNativeTarget section */

/* Begin PBXProject section */
		F956A71B28C7DBBA0072312D /* Project object */ = {
			isa = PBXProject;
			attributes = {
				BuildIndependentTargetsInParallel = 1;
				LastSwiftUpdateCheck = 1340;
				LastUpgradeCheck = 1340;
				TargetAttributes = {
					F956A72228C7DBBA0072312D = {
						CreatedOnToolsVersion = 13.4.1;
					};
					F956A73828C7DBBD0072312D = {
						CreatedOnToolsVersion = 13.4.1;
						TestTargetID = F956A72228C7DBBA0072312D;
					};
					F956A74228C7DBBD0072312D = {
						CreatedOnToolsVersion = 13.4.1;
						TestTargetID = F956A72228C7DBBA0072312D;
					};
				};
			};
			buildConfigurationList = F956A71E28C7DBBA0072312D /* Build configuration list for PBXProject "unit 1 flix" */;
			compatibilityVersion = "Xcode 13.0";
			developmentRegion = en;
			hasScannedForEncodings = 0;
			knownRegions = (
				en,
				Base,
			);
			mainGroup = F956A71A28C7DBBA0072312D;
			packageReferences = (
				F9EC7F0C28C9298D00C078B3 /* XCRemoteSwiftPackageReference "AlamofireImage" */,
			);
			productRefGroup = F956A72428C7DBBA0072312D /* Products */;
			projectDirPath = "";
			projectRoot = "";
			targets = (
				F956A72228C7DBBA0072312D /* unit 1 flix */,
				F956A73828C7DBBD0072312D /* unit 1 flixTests */,
				F956A74228C7DBBD0072312D /* unit 1 flixUITests */,
			);
		};
/* End PBXProject section */

/* Begin PBXResourcesBuildPhase section */
		F956A72128C7DBBA0072312D /* Resources */ = {
			isa = PBXResourcesBuildPhase;
			buildActionMask = 2147483647;
			files = (
				F956A73328C7DBBD0072312D /* LaunchScreen.storyboard in Resources */,
				F956A73028C7DBBD0072312D /* Assets.xcassets in Resources */,
				F956A72E28C7DBBA0072312D /* Main.storyboard in Resources */,
			);
			runOnlyForDeploymentPostprocessing = 0;
		};
		F956A73728C7DBBD0072312D /* Resources */ = {
			isa = PBXResourcesBuildPhase;
			buildActionMask = 2147483647;
			files = (
			);
			runOnlyForDeploymentPostprocessing = 0;
		};
		F956A74128C7DBBD0072312D /* Resources */ = {
			isa = PBXResourcesBuildPhase;
			buildActionMask = 2147483647;
			files = (
			);
			runOnlyForDeploymentPostprocessing = 0;
		};
/* End PBXResourcesBuildPhase section */

/* Begin PBXShellScriptBuildPhase section */
		320EC810E21D7930EB1D6C65 /* [CP] Check Pods Manifest.lock */ = {
			isa = PBXShellScriptBuildPhase;
			buildActionMask = 2147483647;
			files = (
			);
			inputFileListPaths = (
			);
			inputPaths = (
				"${PODS_PODFILE_DIR_PATH}/Podfile.lock",
				"${PODS_ROOT}/Manifest.lock",
			);
			name = "[CP] Check Pods Manifest.lock";
			outputFileListPaths = (
			);
			outputPaths = (
				"$(DERIVED_FILE_DIR)/Pods-unit 1 flix-checkManifestLockResult.txt",
			);
			runOnlyForDeploymentPostprocessing = 0;
			shellPath = /bin/sh;
			shellScript = "diff \"${PODS_PODFILE_DIR_PATH}/Podfile.lock\" \"${PODS_ROOT}/Manifest.lock\" > /dev/null\nif [ $? != 0 ] ; then\n    # print error to STDERR\n    echo \"error: The sandbox is not in sync with the Podfile.lock. Run 'pod install' or update your CocoaPods installation.\" >&2\n    exit 1\nfi\n# This output is used by Xcode 'outputs' to avoid re-running this script phase.\necho \"SUCCESS\" > \"${SCRIPT_OUTPUT_FILE_0}\"\n";
			showEnvVarsInLog = 0;
		};
		762B7CBF7382C02119B340B1 /* [CP] Check Pods Manifest.lock */ = {
			isa = PBXShellScriptBuildPhase;
			buildActionMask = 2147483647;
			files = (
			);
			inputFileListPaths = (
			);
			inputPaths = (
				"${PODS_PODFILE_DIR_PATH}/Podfile.lock",
				"${PODS_ROOT}/Manifest.lock",
			);
			name = "[CP] Check Pods Manifest.lock";
			outputFileListPaths = (
			);
			outputPaths = (
				"$(DERIVED_FILE_DIR)/Pods-unit 1 flixTests-checkManifestLockResult.txt",
			);
			runOnlyForDeploymentPostprocessing = 0;
			shellPath = /bin/sh;
			shellScript = "diff \"${PODS_PODFILE_DIR_PATH}/Podfile.lock\" \"${PODS_ROOT}/Manifest.lock\" > /dev/null\nif [ $? != 0 ] ; then\n    # print error to STDERR\n    echo \"error: The sandbox is not in sync with the Podfile.lock. Run 'pod install' or update your CocoaPods installation.\" >&2\n    exit 1\nfi\n# This output is used by Xcode 'outputs' to avoid re-running this script phase.\necho \"SUCCESS\" > \"${SCRIPT_OUTPUT_FILE_0}\"\n";
			showEnvVarsInLog = 0;
		};
		9E62CA15D763C7412F998CEC /* [CP] Check Pods Manifest.lock */ = {
			isa = PBXShellScriptBuildPhase;
			buildActionMask = 2147483647;
			files = (
			);
			inputFileListPaths = (
			);
			inputPaths = (
				"${PODS_PODFILE_DIR_PATH}/Podfile.lock",
				"${PODS_ROOT}/Manifest.lock",
			);
			name = "[CP] Check Pods Manifest.lock";
			outputFileListPaths = (
			);
			outputPaths = (
				"$(DERIVED_FILE_DIR)/Pods-unit 1 flix-unit 1 flixUITests-checkManifestLockResult.txt",
			);
			runOnlyForDeploymentPostprocessing = 0;
			shellPath = /bin/sh;
			shellScript = "diff \"${PODS_PODFILE_DIR_PATH}/Podfile.lock\" \"${PODS_ROOT}/Manifest.lock\" > /dev/null\nif [ $? != 0 ] ; then\n    # print error to STDERR\n    echo \"error: The sandbox is not in sync with the Podfile.lock. Run 'pod install' or update your CocoaPods installation.\" >&2\n    exit 1\nfi\n# This output is used by Xcode 'outputs' to avoid re-running this script phase.\necho \"SUCCESS\" > \"${SCRIPT_OUTPUT_FILE_0}\"\n";
			showEnvVarsInLog = 0;
		};
		AD6C0FAFED81E4A21E010CD1 /* [CP] Embed Pods Frameworks */ = {
			isa = PBXShellScriptBuildPhase;
			buildActionMask = 2147483647;
			files = (
			);
			inputFileListPaths = (
				"${PODS_ROOT}/Target Support Files/Pods-unit 1 flix/Pods-unit 1 flix-frameworks-${CONFIGURATION}-input-files.xcfilelist",
			);
			name = "[CP] Embed Pods Frameworks";
			outputFileListPaths = (
				"${PODS_ROOT}/Target Support Files/Pods-unit 1 flix/Pods-unit 1 flix-frameworks-${CONFIGURATION}-output-files.xcfilelist",
			);
			runOnlyForDeploymentPostprocessing = 0;
			shellPath = /bin/sh;
			shellScript = "\"${PODS_ROOT}/Target Support Files/Pods-unit 1 flix/Pods-unit 1 flix-frameworks.sh\"\n";
			showEnvVarsInLog = 0;
		};
		E555C3087508E5CBDF0FEE4B /* [CP] Embed Pods Frameworks */ = {
			isa = PBXShellScriptBuildPhase;
			buildActionMask = 2147483647;
			files = (
			);
			inputFileListPaths = (
				"${PODS_ROOT}/Target Support Files/Pods-unit 1 flix-unit 1 flixUITests/Pods-unit 1 flix-unit 1 flixUITests-frameworks-${CONFIGURATION}-input-files.xcfilelist",
			);
			name = "[CP] Embed Pods Frameworks";
			outputFileListPaths = (
				"${PODS_ROOT}/Target Support Files/Pods-unit 1 flix-unit 1 flixUITests/Pods-unit 1 flix-unit 1 flixUITests-frameworks-${CONFIGURATION}-output-files.xcfilelist",
			);
			runOnlyForDeploymentPostprocessing = 0;
			shellPath = /bin/sh;
			shellScript = "\"${PODS_ROOT}/Target Support Files/Pods-unit 1 flix-unit 1 flixUITests/Pods-unit 1 flix-unit 1 flixUITests-frameworks.sh\"\n";
			showEnvVarsInLog = 0;
		};
/* End PBXShellScriptBuildPhase section */

/* Begin PBXSourcesBuildPhase section */
		F956A71F28C7DBBA0072312D /* Sources */ = {
			isa = PBXSourcesBuildPhase;
			buildActionMask = 2147483647;
			files = (
				F97D608E28D257F100A4FC03 /* MovieDetailsViewController.swift in Sources */,
				F956A72B28C7DBBA0072312D /* ViewController.swift in Sources */,
				F956A72728C7DBBA0072312D /* AppDelegate.swift in Sources */,
				F97D609628D2CE5E00A4FC03 /* MovieGridViewController.swift in Sources */,
				F9EC7F0B28C91CD200C078B3 /* MovieCell.swift in Sources */,
				F97D609428D2CDC000A4FC03 /* MovieGridCell.swift in Sources */,
				F956A72928C7DBBA0072312D /* SceneDelegate.swift in Sources */,
			);
			runOnlyForDeploymentPostprocessing = 0;
		};
		F956A73528C7DBBD0072312D /* Sources */ = {
			isa = PBXSourcesBuildPhase;
			buildActionMask = 2147483647;
			files = (
				F956A73E28C7DBBD0072312D /* unit_1_flixTests.swift in Sources */,
			);
			runOnlyForDeploymentPostprocessing = 0;
		};
		F956A73F28C7DBBD0072312D /* Sources */ = {
			isa = PBXSourcesBuildPhase;
			buildActionMask = 2147483647;
			files = (
				F956A74828C7DBBD0072312D /* unit_1_flixUITests.swift in Sources */,
				F956A74A28C7DBBD0072312D /* unit_1_flixUITestsLaunchTests.swift in Sources */,
			);
			runOnlyForDeploymentPostprocessing = 0;
		};
/* End PBXSourcesBuildPhase section */

/* Begin PBXTargetDependency section */
		F956A73B28C7DBBD0072312D /* PBXTargetDependency */ = {
			isa = PBXTargetDependency;
			target = F956A72228C7DBBA0072312D /* unit 1 flix */;
			targetProxy = F956A73A28C7DBBD0072312D /* PBXContainerItemProxy */;
		};
		F956A74528C7DBBD0072312D /* PBXTargetDependency */ = {
			isa = PBXTargetDependency;
			target = F956A72228C7DBBA0072312D /* unit 1 flix */;
			targetProxy = F956A74428C7DBBD0072312D /* PBXContainerItemProxy */;
		};
/* End PBXTargetDependency section */

/* Begin PBXVariantGroup section */
		F956A72C28C7DBBA0072312D /* Main.storyboard */ = {
			isa = PBXVariantGroup;
			children = (
				F956A72D28C7DBBA0072312D /* Base */,
			);
			name = Main.storyboard;
			sourceTree = "<group>";
		};
		F956A73128C7DBBD0072312D /* LaunchScreen.storyboard */ = {
			isa = PBXVariantGroup;
			children = (
				F956A73228C7DBBD0072312D /* Base */,
			);
			name = LaunchScreen.storyboard;
			sourceTree = "<group>";
		};
/* End PBXVariantGroup section */

/* Begin XCBuildConfiguration section */
		F956A74B28C7DBBD0072312D /* Debug */ = {
			isa = XCBuildConfiguration;
			buildSettings = {
				ALWAYS_SEARCH_USER_PATHS = NO;
				CLANG_ANALYZER_NONNULL = YES;
				CLANG_ANALYZER_NUMBER_OBJECT_CONVERSION = YES_AGGRESSIVE;
				CLANG_CXX_LANGUAGE_STANDARD = "gnu++17";
				CLANG_ENABLE_MODULES = YES;
				CLANG_ENABLE_OBJC_ARC = YES;
				CLANG_ENABLE_OBJC_WEAK = YES;
				CLANG_WARN_BLOCK_CAPTURE_AUTORELEASING = YES;
				CLANG_WARN_BOOL_CONVERSION = YES;
				CLANG_WARN_COMMA = YES;
				CLANG_WARN_CONSTANT_CONVERSION = YES;
				CLANG_WARN_DEPRECATED_OBJC_IMPLEMENTATIONS = YES;
				CLANG_WARN_DIRECT_OBJC_ISA_USAGE = YES_ERROR;
				CLANG_WARN_DOCUMENTATION_COMMENTS = YES;
				CLANG_WARN_EMPTY_BODY = YES;
				CLANG_WARN_ENUM_CONVERSION = YES;
				CLANG_WARN_INFINITE_RECURSION = YES;
				CLANG_WARN_INT_CONVERSION = YES;
				CLANG_WARN_NON_LITERAL_NULL_CONVERSION = YES;
				CLANG_WARN_OBJC_IMPLICIT_RETAIN_SELF = YES;
				CLANG_WARN_OBJC_LITERAL_CONVERSION = YES;
				CLANG_WARN_OBJC_ROOT_CLASS = YES_ERROR;
				CLANG_WARN_QUOTED_INCLUDE_IN_FRAMEWORK_HEADER = YES;
				CLANG_WARN_RANGE_LOOP_ANALYSIS = YES;
				CLANG_WARN_STRICT_PROTOTYPES = YES;
				CLANG_WARN_SUSPICIOUS_MOVE = YES;
				CLANG_WARN_UNGUARDED_AVAILABILITY = YES_AGGRESSIVE;
				CLANG_WARN_UNREACHABLE_CODE = YES;
				CLANG_WARN__DUPLICATE_METHOD_MATCH = YES;
				COPY_PHASE_STRIP = NO;
				DEBUG_INFORMATION_FORMAT = dwarf;
				ENABLE_STRICT_OBJC_MSGSEND = YES;
				ENABLE_TESTABILITY = YES;
				GCC_C_LANGUAGE_STANDARD = gnu11;
				GCC_DYNAMIC_NO_PIC = NO;
				GCC_NO_COMMON_BLOCKS = YES;
				GCC_OPTIMIZATION_LEVEL = 0;
				GCC_PREPROCESSOR_DEFINITIONS = (
					"DEBUG=1",
					"$(inherited)",
				);
				GCC_WARN_64_TO_32_BIT_CONVERSION = YES;
				GCC_WARN_ABOUT_RETURN_TYPE = YES_ERROR;
				GCC_WARN_UNDECLARED_SELECTOR = YES;
				GCC_WARN_UNINITIALIZED_AUTOS = YES_AGGRESSIVE;
				GCC_WARN_UNUSED_FUNCTION = YES;
				GCC_WARN_UNUSED_VARIABLE = YES;
				IPHONEOS_DEPLOYMENT_TARGET = 15.5;
				MTL_ENABLE_DEBUG_INFO = INCLUDE_SOURCE;
				MTL_FAST_MATH = YES;
				ONLY_ACTIVE_ARCH = YES;
				SDKROOT = iphoneos;
				SWIFT_ACTIVE_COMPILATION_CONDITIONS = DEBUG;
				SWIFT_OPTIMIZATION_LEVEL = "-Onone";
			};
			name = Debug;
		};
		F956A74C28C7DBBD0072312D /* Release */ = {
			isa = XCBuildConfiguration;
			buildSettings = {
				ALWAYS_SEARCH_USER_PATHS = NO;
				CLANG_ANALYZER_NONNULL = YES;
				CLANG_ANALYZER_NUMBER_OBJECT_CONVERSION = YES_AGGRESSIVE;
				CLANG_CXX_LANGUAGE_STANDARD = "gnu++17";
				CLANG_ENABLE_MODULES = YES;
				CLANG_ENABLE_OBJC_ARC = YES;
				CLANG_ENABLE_OBJC_WEAK = YES;
				CLANG_WARN_BLOCK_CAPTURE_AUTORELEASING = YES;
				CLANG_WARN_BOOL_CONVERSION = YES;
				CLANG_WARN_COMMA = YES;
				CLANG_WARN_CONSTANT_CONVERSION = YES;
				CLANG_WARN_DEPRECATED_OBJC_IMPLEMENTATIONS = YES;
				CLANG_WARN_DIRECT_OBJC_ISA_USAGE = YES_ERROR;
				CLANG_WARN_DOCUMENTATION_COMMENTS = YES;
				CLANG_WARN_EMPTY_BODY = YES;
				CLANG_WARN_ENUM_CONVERSION = YES;
				CLANG_WARN_INFINITE_RECURSION = YES;
				CLANG_WARN_INT_CONVERSION = YES;
				CLANG_WARN_NON_LITERAL_NULL_CONVERSION = YES;
				CLANG_WARN_OBJC_IMPLICIT_RETAIN_SELF = YES;
				CLANG_WARN_OBJC_LITERAL_CONVERSION = YES;
				CLANG_WARN_OBJC_ROOT_CLASS = YES_ERROR;
				CLANG_WARN_QUOTED_INCLUDE_IN_FRAMEWORK_HEADER = YES;
				CLANG_WARN_RANGE_LOOP_ANALYSIS = YES;
				CLANG_WARN_STRICT_PROTOTYPES = YES;
				CLANG_WARN_SUSPICIOUS_MOVE = YES;
				CLANG_WARN_UNGUARDED_AVAILABILITY = YES_AGGRESSIVE;
				CLANG_WARN_UNREACHABLE_CODE = YES;
				CLANG_WARN__DUPLICATE_METHOD_MATCH = YES;
				COPY_PHASE_STRIP = NO;
				DEBUG_INFORMATION_FORMAT = "dwarf-with-dsym";
				ENABLE_NS_ASSERTIONS = NO;
				ENABLE_STRICT_OBJC_MSGSEND = YES;
				GCC_C_LANGUAGE_STANDARD = gnu11;
				GCC_NO_COMMON_BLOCKS = YES;
				GCC_WARN_64_TO_32_BIT_CONVERSION = YES;
				GCC_WARN_ABOUT_RETURN_TYPE = YES_ERROR;
				GCC_WARN_UNDECLARED_SELECTOR = YES;
				GCC_WARN_UNINITIALIZED_AUTOS = YES_AGGRESSIVE;
				GCC_WARN_UNUSED_FUNCTION = YES;
				GCC_WARN_UNUSED_VARIABLE = YES;
				IPHONEOS_DEPLOYMENT_TARGET = 15.5;
				MTL_ENABLE_DEBUG_INFO = NO;
				MTL_FAST_MATH = YES;
				SDKROOT = iphoneos;
				SWIFT_COMPILATION_MODE = wholemodule;
				SWIFT_OPTIMIZATION_LEVEL = "-O";
				VALIDATE_PRODUCT = YES;
			};
			name = Release;
		};
		F956A74E28C7DBBD0072312D /* Debug */ = {
			isa = XCBuildConfiguration;
			baseConfigurationReference = 1B8F806EDBB7ED44155B458C /* Pods-unit 1 flix.debug.xcconfig */;
			buildSettings = {
				ASSETCATALOG_COMPILER_APPICON_NAME = AppIcon;
				ASSETCATALOG_COMPILER_GLOBAL_ACCENT_COLOR_NAME = AccentColor;
				CODE_SIGN_STYLE = Automatic;
				CURRENT_PROJECT_VERSION = 1;
				GENERATE_INFOPLIST_FILE = YES;
				INFOPLIST_FILE = "unit 1 flix/Info.plist";
				INFOPLIST_KEY_UIApplicationSupportsIndirectInputEvents = YES;
				INFOPLIST_KEY_UILaunchStoryboardName = LaunchScreen;
				INFOPLIST_KEY_UIMainStoryboardFile = Main;
				INFOPLIST_KEY_UISupportedInterfaceOrientations_iPad = "UIInterfaceOrientationPortrait UIInterfaceOrientationPortraitUpsideDown UIInterfaceOrientationLandscapeLeft UIInterfaceOrientationLandscapeRight";
				INFOPLIST_KEY_UISupportedInterfaceOrientations_iPhone = "UIInterfaceOrientationPortrait UIInterfaceOrientationLandscapeLeft UIInterfaceOrientationLandscapeRight";
				LD_RUNPATH_SEARCH_PATHS = (
					"$(inherited)",
					"@executable_path/Frameworks",
				);
				MARKETING_VERSION = 1.0;
				PRODUCT_BUNDLE_IDENTIFIER = "dustin-sherwood.unit-1-flix";
				PRODUCT_NAME = "$(TARGET_NAME)";
				SWIFT_EMIT_LOC_STRINGS = YES;
				SWIFT_VERSION = 5.0;
				TARGETED_DEVICE_FAMILY = "1,2";
			};
			name = Debug;
		};
		F956A74F28C7DBBD0072312D /* Release */ = {
			isa = XCBuildConfiguration;
			baseConfigurationReference = AC227D602FF1E08998171A6E /* Pods-unit 1 flix.release.xcconfig */;
			buildSettings = {
				ASSETCATALOG_COMPILER_APPICON_NAME = AppIcon;
				ASSETCATALOG_COMPILER_GLOBAL_ACCENT_COLOR_NAME = AccentColor;
				CODE_SIGN_STYLE = Automatic;
				CURRENT_PROJECT_VERSION = 1;
				GENERATE_INFOPLIST_FILE = YES;
				INFOPLIST_FILE = "unit 1 flix/Info.plist";
				INFOPLIST_KEY_UIApplicationSupportsIndirectInputEvents = YES;
				INFOPLIST_KEY_UILaunchStoryboardName = LaunchScreen;
				INFOPLIST_KEY_UIMainStoryboardFile = Main;
				INFOPLIST_KEY_UISupportedInterfaceOrientations_iPad = "UIInterfaceOrientationPortrait UIInterfaceOrientationPortraitUpsideDown UIInterfaceOrientationLandscapeLeft UIInterfaceOrientationLandscapeRight";
				INFOPLIST_KEY_UISupportedInterfaceOrientations_iPhone = "UIInterfaceOrientationPortrait UIInterfaceOrientationLandscapeLeft UIInterfaceOrientationLandscapeRight";
				LD_RUNPATH_SEARCH_PATHS = (
					"$(inherited)",
					"@executable_path/Frameworks",
				);
				MARKETING_VERSION = 1.0;
				PRODUCT_BUNDLE_IDENTIFIER = "dustin-sherwood.unit-1-flix";
				PRODUCT_NAME = "$(TARGET_NAME)";
				SWIFT_EMIT_LOC_STRINGS = YES;
				SWIFT_VERSION = 5.0;
				TARGETED_DEVICE_FAMILY = "1,2";
			};
			name = Release;
		};
		F956A75128C7DBBD0072312D /* Debug */ = {
			isa = XCBuildConfiguration;
			baseConfigurationReference = 502BFF0635A2A1BB54649F25 /* Pods-unit 1 flixTests.debug.xcconfig */;
			buildSettings = {
				ALWAYS_EMBED_SWIFT_STANDARD_LIBRARIES = YES;
				BUNDLE_LOADER = "$(TEST_HOST)";
				CODE_SIGN_STYLE = Automatic;
				CURRENT_PROJECT_VERSION = 1;
				GENERATE_INFOPLIST_FILE = YES;
				IPHONEOS_DEPLOYMENT_TARGET = 15.5;
				MARKETING_VERSION = 1.0;
				PRODUCT_BUNDLE_IDENTIFIER = "dustin-sherwood.unit-1-flixTests";
				PRODUCT_NAME = "$(TARGET_NAME)";
				SWIFT_EMIT_LOC_STRINGS = NO;
				SWIFT_VERSION = 5.0;
				TARGETED_DEVICE_FAMILY = "1,2";
				TEST_HOST = "$(BUILT_PRODUCTS_DIR)/unit 1 flix.app/unit 1 flix";
			};
			name = Debug;
		};
		F956A75228C7DBBD0072312D /* Release */ = {
			isa = XCBuildConfiguration;
			baseConfigurationReference = 0C8E95206E5F250620035584 /* Pods-unit 1 flixTests.release.xcconfig */;
			buildSettings = {
				ALWAYS_EMBED_SWIFT_STANDARD_LIBRARIES = YES;
				BUNDLE_LOADER = "$(TEST_HOST)";
				CODE_SIGN_STYLE = Automatic;
				CURRENT_PROJECT_VERSION = 1;
				GENERATE_INFOPLIST_FILE = YES;
				IPHONEOS_DEPLOYMENT_TARGET = 15.5;
				MARKETING_VERSION = 1.0;
				PRODUCT_BUNDLE_IDENTIFIER = "dustin-sherwood.unit-1-flixTests";
				PRODUCT_NAME = "$(TARGET_NAME)";
				SWIFT_EMIT_LOC_STRINGS = NO;
				SWIFT_VERSION = 5.0;
				TARGETED_DEVICE_FAMILY = "1,2";
				TEST_HOST = "$(BUILT_PRODUCTS_DIR)/unit 1 flix.app/unit 1 flix";
			};
			name = Release;
		};
		F956A75428C7DBBD0072312D /* Debug */ = {
			isa = XCBuildConfiguration;
			baseConfigurationReference = C167D4AEDB41E4B09197F8E9 /* Pods-unit 1 flix-unit 1 flixUITests.debug.xcconfig */;
			buildSettings = {
				ALWAYS_EMBED_SWIFT_STANDARD_LIBRARIES = YES;
				CODE_SIGN_STYLE = Automatic;
				CURRENT_PROJECT_VERSION = 1;
				GENERATE_INFOPLIST_FILE = YES;
				MARKETING_VERSION = 1.0;
				PRODUCT_BUNDLE_IDENTIFIER = "dustin-sherwood.unit-1-flixUITests";
				PRODUCT_NAME = "$(TARGET_NAME)";
				SWIFT_EMIT_LOC_STRINGS = NO;
				SWIFT_VERSION = 5.0;
				TARGETED_DEVICE_FAMILY = "1,2";
				TEST_TARGET_NAME = "unit 1 flix";
			};
			name = Debug;
		};
		F956A75528C7DBBD0072312D /* Release */ = {
			isa = XCBuildConfiguration;
			baseConfigurationReference = 3B0528D97E17FBA693563EC0 /* Pods-unit 1 flix-unit 1 flixUITests.release.xcconfig */;
			buildSettings = {
				ALWAYS_EMBED_SWIFT_STANDARD_LIBRARIES = YES;
				CODE_SIGN_STYLE = Automatic;
				CURRENT_PROJECT_VERSION = 1;
				GENERATE_INFOPLIST_FILE = YES;
				MARKETING_VERSION = 1.0;
				PRODUCT_BUNDLE_IDENTIFIER = "dustin-sherwood.unit-1-flixUITests";
				PRODUCT_NAME = "$(TARGET_NAME)";
				SWIFT_EMIT_LOC_STRINGS = NO;
				SWIFT_VERSION = 5.0;
				TARGETED_DEVICE_FAMILY = "1,2";
				TEST_TARGET_NAME = "unit 1 flix";
			};
			name = Release;
		};
/* End XCBuildConfiguration section */

/* Begin XCConfigurationList section */
		F956A71E28C7DBBA0072312D /* Build configuration list for PBXProject "unit 1 flix" */ = {
			isa = XCConfigurationList;
			buildConfigurations = (
				F956A74B28C7DBBD0072312D /* Debug */,
				F956A74C28C7DBBD0072312D /* Release */,
			);
			defaultConfigurationIsVisible = 0;
			defaultConfigurationName = Release;
		};
		F956A74D28C7DBBD0072312D /* Build configuration list for PBXNativeTarget "unit 1 flix" */ = {
			isa = XCConfigurationList;
			buildConfigurations = (
				F956A74E28C7DBBD0072312D /* Debug */,
				F956A74F28C7DBBD0072312D /* Release */,
			);
			defaultConfigurationIsVisible = 0;
			defaultConfigurationName = Release;
		};
		F956A75028C7DBBD0072312D /* Build configuration list for PBXNativeTarget "unit 1 flixTests" */ = {
			isa = XCConfigurationList;
			buildConfigurations = (
				F956A75128C7DBBD0072312D /* Debug */,
				F956A75228C7DBBD0072312D /* Release */,
			);
			defaultConfigurationIsVisible = 0;
			defaultConfigurationName = Release;
		};
		F956A75328C7DBBD0072312D /* Build configuration list for PBXNativeTarget "unit 1 flixUITests" */ = {
			isa = XCConfigurationList;
			buildConfigurations = (
				F956A75428C7DBBD0072312D /* Debug */,
				F956A75528C7DBBD0072312D /* Release */,
			);
			defaultConfigurationIsVisible = 0;
			defaultConfigurationName = Release;
		};
/* End XCConfigurationList section */

/* Begin XCRemoteSwiftPackageReference section */
		F9EC7F0C28C9298D00C078B3 /* XCRemoteSwiftPackageReference "AlamofireImage" */ = {
			isa = XCRemoteSwiftPackageReference;
			repositoryURL = "https://github.com/Alamofire/AlamofireImage.git";
			requirement = {
				kind = upToNextMajorVersion;
				minimumVersion = 4.0.0;
			};
		};
/* End XCRemoteSwiftPackageReference section */

/* Begin XCSwiftPackageProductDependency section */
		F9EC7F0D28C9298E00C078B3 /* AlamofireImage */ = {
			isa = XCSwiftPackageProductDependency;
			package = F9EC7F0C28C9298D00C078B3 /* XCRemoteSwiftPackageReference "AlamofireImage" */;
			productName = AlamofireImage;
		};
/* End XCSwiftPackageProductDependency section */
	};
	rootObject = F956A71B28C7DBBA0072312D /* Project object */;
}
